
Microsoft Visual Studio Solution File, Format Version 12.00
# Visual Studio Version 17
VisualStudioVersion = 17.13.35825.156 d17.13
MinimumVisualStudioVersion = 10.0.40219.1
Project("{FAE04EC0-301F-11D3-BF4B-00C04F79EFBC}") = "PSLMv2", "PSLMv2\PSLMv2.csproj", "{D80421E0-75AC-4206-8E82-E33802F089CF}"
EndProject
Global
	GlobalSection(SolutionConfigurationPlatforms) = preSolution
		Debug|Any CPU = Debug|Any CPU
		Release|Any CPU = Release|Any CPU
	EndGlobalSection
	GlobalSection(ProjectConfigurationPlatforms) = postSolution
		{D80421E0-75AC-4206-8E82-E33802F089CF}.Debug|Any CPU.ActiveCfg = Debug|Any CPU
		{D80421E0-75AC-4206-8E82-E33802F089CF}.Debug|Any CPU.Build.0 = Debug|Any CPU
		{D80421E0-75AC-4206-8E82-E33802F089CF}.Release|Any CPU.ActiveCfg = Release|Any CPU
		{D80421E0-75AC-4206-8E82-E33802F089CF}.Release|Any CPU.Build.0 = Release|Any CPU
	EndGlobalSection
	GlobalSection(SolutionProperties) = preSolution
		HideSolutionNode = FALSE
	EndGlobalSection
	GlobalSection(ExtensibilityGlobals) = postSolution
		SolutionGuid = {C6166428-43FC-4829-AA7F-4626C7776C3A}
	EndGlobalSection
EndGlobal
